
Microsoft Visual Studio Solution File, Format Version 12.00
# Visual Studio Version 17
VisualStudioVersion = 17.14.36109.1 d17.14
MinimumVisualStudioVersion = 10.0.40219.1
Project("{FAE04EC0-301F-11D3-BF4B-00C04F79EFBC}") = "Brit_API_Automation", "Brit_API_Automation.csproj", "{089B178D-F823-4762-9F4D-9E884E78D3E5}"
EndProject
Global
	GlobalSection(SolutionConfigurationPlatforms) = preSolution
		Debug|Any CPU = Debug|Any CPU
		Release|Any CPU = Release|Any CPU
	EndGlobalSection
	GlobalSection(ProjectConfigurationPlatforms) = postSolution
		{089B178D-F823-4762-9F4D-9E884E78D3E5}.Debug|Any CPU.ActiveCfg = Debug|Any CPU
		{089B178D-F823-4762-9F4D-9E884E78D3E5}.Debug|Any CPU.Build.0 = Debug|Any CPU
		{089B178D-F823-4762-9F4D-9E884E78D3E5}.Release|Any CPU.ActiveCfg = Release|Any CPU
		{089B178D-F823-4762-9F4D-9E884E78D3E5}.Release|Any CPU.Build.0 = Release|Any CPU
	EndGlobalSection
	GlobalSection(SolutionProperties) = preSolution
		HideSolutionNode = FALSE
	EndGlobalSection
	GlobalSection(ExtensibilityGlobals) = postSolution
		SolutionGuid = {33BFE60B-A352-4458-80BC-0546EA3A43C8}
	EndGlobalSection
EndGlobal
